{
  "name": "mclds-napcat-bot",
  "version": "0.0.1",
  "lockfileVersion": 3,
  "requires": true,
  "packages": {
    "": {
      "name": "mclds-napcat-bot",
      "version": "0.0.1",
      "license": "ISC",
      "dependencies": {
        "dotenv": "^16.4.7",
        "node-napcat-ts": "^0.4.21"
      },
      "devDependencies": {
        "@types/node": "^22.10.6",
        "tsx": "^4.19.2",
        "typescript": "^5.7.3"
      }
    },
    "node_modules/@esbuild/linux-x64": {
      "version": "0.25.8",
      "resolved": "https://registry.npmmirror.com/@esbuild/linux-x64/-/linux-x64-0.25.8.tgz",
      "integrity": "sha512-ASFQhgY4ElXh3nDcOMTkQero4b1lgubskNlhIfJrsH5OKZXDpUAKBlNS0Kx81jwOBp+HCeZqmoJuihTv57/jvQ==",
      "cpu": [
        "x64"
      ],
      "dev": true,
      "license": "MIT",
      "optional": true,
      "os": [
        "linux"
      ],
      "engines": {
        "node": ">=18"
      }
    },
    "node_modules/@types/node": {
      "version": "22.16.5",
      "resolved": "https://registry.npmmirror.com/@types/node/-/node-22.16.5.tgz",
      "integrity": "sha512-bJFoMATwIGaxxx8VJPeM8TonI8t579oRvgAuT8zFugJsJZgzqv0Fu8Mhp68iecjzG7cnN3mO2dJQ5uUM2EFrgQ==",
      "dev": true,
      "license": "MIT",
      "dependencies": {
        "undici-types": "~6.21.0"
      }
    },
    "node_modules/dotenv": {
      "version": "16.6.1",
      "resolved": "https://registry.npmmirror.com/dotenv/-/dotenv-16.6.1.tgz",
      "integrity": "sha512-uBq4egWHTcTt33a72vpSG0z3HnPuIl6NqYcTrKEg2azoEyl2hpW0zqlxysq2pK9HlDIHyHyakeYaYnSAwd8bow==",
      "license": "BSD-2-Clause",
      "engines": {
        "node": ">=12"
      },
      "funding": {
        "url": "https://dotenvx.com"
      }
    },
    "node_modules/esbuild": {
      "version": "0.25.8",
      "resolved": "https://registry.npmmirror.com/esbuild/-/esbuild-0.25.8.tgz",
      "integrity": "sha512-vVC0USHGtMi8+R4Kz8rt6JhEWLxsv9Rnu/lGYbPR8u47B+DCBksq9JarW0zOO7bs37hyOK1l2/oqtbciutL5+Q==",
      "dev": true,
      "hasInstallScript": true,
      "license": "MIT",
      "bin": {
        "esbuild": "bin/esbuild"
      },
      "engines": {
        "node": ">=18"
      },
      "optionalDependencies": {
        "@esbuild/aix-ppc64": "0.25.8",
        "@esbuild/android-arm": "0.25.8",
        "@esbuild/android-arm64": "0.25.8",
        "@esbuild/android-x64": "0.25.8",
        "@esbuild/darwin-arm64": "0.25.8",
        "@esbuild/darwin-x64": "0.25.8",
        "@esbuild/freebsd-arm64": "0.25.8",
        "@esbuild/freebsd-x64": "0.25.8",
        "@esbuild/linux-arm": "0.25.8",
        "@esbuild/linux-arm64": "0.25.8",
        "@esbuild/linux-ia32": "0.25.8",
        "@esbuild/linux-loong64": "0.25.8",
        "@esbuild/linux-mips64el": "0.25.8",
        "@esbuild/linux-ppc64": "0.25.8",
        "@esbuild/linux-riscv64": "0.25.8",
        "@esbuild/linux-s390x": "0.25.8",
        "@esbuild/linux-x64": "0.25.8",
        "@esbuild/netbsd-arm64": "0.25.8",
        "@esbuild/netbsd-x64": "0.25.8",
        "@esbuild/openbsd-arm64": "0.25.8",
        "@esbuild/openbsd-x64": "0.25.8",
        "@esbuild/openharmony-arm64": "0.25.8",
        "@esbuild/sunos-x64": "0.25.8",
        "@esbuild/win32-arm64": "0.25.8",
        "@esbuild/win32-ia32": "0.25.8",
        "@esbuild/win32-x64": "0.25.8"
      }
    },
    "node_modules/get-tsconfig": {
      "version": "4.10.1",
      "resolved": "https://registry.npmmirror.com/get-tsconfig/-/get-tsconfig-4.10.1.tgz",
      "integrity": "sha512-auHyJ4AgMz7vgS8Hp3N6HXSmlMdUyhSUrfBF16w153rxtLIEOE+HGqaBppczZvnHLqQJfiHotCYpNhl0lUROFQ==",
      "dev": true,
      "license": "MIT",
      "dependencies": {
        "resolve-pkg-maps": "^1.0.0"
      },
      "funding": {
        "url": "https://github.com/privatenumber/get-tsconfig?sponsor=1"
      }
    },
    "node_modules/isomorphic-ws": {
      "version": "5.0.0",
      "resolved": "https://registry.npmmirror.com/isomorphic-ws/-/isomorphic-ws-5.0.0.tgz",
      "integrity": "sha512-muId7Zzn9ywDsyXgTIafTry2sV3nySZeUDe6YedVd1Hvuuep5AsIlqK+XefWpYTyJG5e503F2xIuT2lcU6rCSw==",
      "license": "MIT",
      "peerDependencies": {
        "ws": "*"
      }
    },
    "node_modules/nanoid": {
      "version": "5.1.5",
      "resolved": "https://registry.npmmirror.com/nanoid/-/nanoid-5.1.5.tgz",
      "integrity": "sha512-Ir/+ZpE9fDsNH0hQ3C68uyThDXzYcim2EqcZ8zn8Chtt1iylPT9xXJB0kPCnqzgcEGikO9RxSrh63MsmVCU7Fw==",
      "funding": [
        {
          "type": "github",
          "url": "https://github.com/sponsors/ai"
        }
      ],
      "license": "MIT",
      "bin": {
        "nanoid": "bin/nanoid.js"
      },
      "engines": {
        "node": "^18 || >=20"
      }
    },
    "node_modules/node-napcat-ts": {
      "version": "0.4.21",
      "resolved": "https://registry.npmmirror.com/node-napcat-ts/-/node-napcat-ts-0.4.21.tgz",
      "integrity": "sha512-C7vLGWuWJTFKn6KsTgN5p+C1extJX+/7t5NlHH+5phvX9Qm7XiSy/B5XEMY2/cyqccHkiv0sfMgLi4P7jXDYDQ==",
      "license": "MIT",
      "dependencies": {
        "isomorphic-ws": "^5.0.0",
        "nanoid": "^5.1.5",
        "ws": "^8.18.2"
      }
    },
    "node_modules/resolve-pkg-maps": {
      "version": "1.0.0",
      "resolved": "https://registry.npmmirror.com/resolve-pkg-maps/-/resolve-pkg-maps-1.0.0.tgz",
      "integrity": "sha512-seS2Tj26TBVOC2NIc2rOe2y2ZO7efxITtLZcGSOnHHNOQ7CkiUBfw0Iw2ck6xkIhPwLhKNLS8BO+hEpngQlqzw==",
      "dev": true,
      "license": "MIT",
      "funding": {
        "url": "https://github.com/privatenumber/resolve-pkg-maps?sponsor=1"
      }
    },
    "node_modules/tsx": {
      "version": "4.20.3",
      "resolved": "https://registry.npmmirror.com/tsx/-/tsx-4.20.3.tgz",
      "integrity": "sha512-qjbnuR9Tr+FJOMBqJCW5ehvIo/buZq7vH7qD7JziU98h6l3qGy0a/yPFjwO+y0/T7GFpNgNAvEcPPVfyT8rrPQ==",
      "dev": true,
      "license": "MIT",
      "dependencies": {
        "esbuild": "~0.25.0",
        "get-tsconfig": "^4.7.5"
      },
      "bin": {
        "tsx": "dist/cli.mjs"
      },
      "engines": {
        "node": ">=18.0.0"
      },
      "optionalDependencies": {
        "fsevents": "~2.3.3"
      }
    },
    "node_modules/typescript": {
      "version": "5.8.3",
      "resolved": "https://registry.npmmirror.com/typescript/-/typescript-5.8.3.tgz",
      "integrity": "sha512-p1diW6TqL9L07nNxvRMM7hMMw4c5XOo/1ibL4aAIGmSAt9slTE1Xgw5KWuof2uTOvCg9BY7ZRi+GaF+7sfgPeQ==",
      "dev": true,
      "license": "Apache-2.0",
      "bin": {
        "tsc": "bin/tsc",
        "tsserver": "bin/tsserver"
      },
      "engines": {
        "node": ">=14.17"
      }
    },
    "node_modules/undici-types": {
      "version": "6.21.0",
      "resolved": "https://registry.npmmirror.com/undici-types/-/undici-types-6.21.0.tgz",
      "integrity": "sha512-iwDZqg0QAGrg9Rav5H4n0M64c3mkR59cJ6wQp+7C4nI0gsmExaedaYLNO44eT4AtBBwjbTiGPMlt2Md0T9H9JQ==",
      "dev": true,
      "license": "MIT"
    },
    "node_modules/ws": {
      "version": "8.18.3",
      "resolved": "https://registry.npmmirror.com/ws/-/ws-8.18.3.tgz",
      "integrity": "sha512-PEIGCY5tSlUt50cqyMXfCzX+oOPqN0vuGqWzbcJ2xvnkzkq46oOpz7dQaTDBdfICb4N14+GARUDw2XV2N4tvzg==",
      "license": "MIT",
      "engines": {
        "node": ">=10.0.0"
      },
      "peerDependencies": {
        "bufferutil": "^4.0.1",
        "utf-8-validate": ">=5.0.2"
      },
      "peerDependenciesMeta": {
        "bufferutil": {
          "optional": true
        },
        "utf-8-validate": {
          "optional": true
        }
      }
    }
  }
}
